# THIS IS AN AUTOGENERATED FILE. DO NOT EDIT THIS FILE DIRECTLY.
# yarn lockfile v1


"@types/node@16.x":
  version "16.11.42"
  resolved "https://registry.yarnpkg.com/@types/node/-/node-16.11.42.tgz#d2a75c58e9b0902b82dc54bd4c13f8ef12bd1020"
  integrity sha512-iwLrPOopPy6V3E+1yHTpJea3bdsNso0b0utLOJJwaa/PLzqBt3GZl3stMcakc/gr89SfcNk2ki3z7Gvue9hYGQ==

"@types/vscode@^1.68.0":
  version "1.68.1"
  resolved "https://registry.yarnpkg.com/@types/vscode/-/vscode-1.68.1.tgz#a9e5b33f825f715cae80593cb6d5d6d4cabbe998"
  integrity sha512-fXlaq13NT5yHh6yZ3c+UxXloTSk34mIvsNFYyQCeO5Po2BLFAwz7EZT4kQ43B64/aPcnAenyWy3QasrTofBOnQ==

node-natural-sort@^0.8.6:
  version "0.8.6"
  resolved "https://registry.yarnpkg.com/node-natural-sort/-/node-natural-sort-0.8.6.tgz#01dc6badc4743b16033408f0d8589ab2e6c094cf"
